
Microsoft Visual Studio Solution File, Format Version 12.00
# Visual Studio Version 17
VisualStudioVersion = 17.8.34511.84
MinimumVisualStudioVersion = 10.0.40219.1
Project("{FAE04EC0-301F-11D3-BF4B-00C04F79EFBC}") = "GraphicsTransformationApp", "GraphicsTransformationApp.csproj", "{2F1FB53D-0B91-4DE0-A3A9-E9AC80A5114D}"
EndProject
Global
	GlobalSection(SolutionConfigurationPlatforms) = preSolution
		Debug|Any CPU = Debug|Any CPU
		Release|Any CPU = Release|Any CPU
	EndGlobalSection
	GlobalSection(ProjectConfigurationPlatforms) = postSolution
		{2F1FB53D-0B91-4DE0-A3A9-E9AC80A5114D}.Debug|Any CPU.ActiveCfg = Debug|Any CPU
		{2F1FB53D-0B91-4DE0-A3A9-E9AC80A5114D}.Debug|Any CPU.Build.0 = Debug|Any CPU
		{2F1FB53D-0B91-4DE0-A3A9-E9AC80A5114D}.Release|Any CPU.ActiveCfg = Release|Any CPU
		{2F1FB53D-0B91-4DE0-A3A9-E9AC80A5114D}.Release|Any CPU.Build.0 = Release|Any CPU
	EndGlobalSection
	GlobalSection(SolutionProperties) = preSolution
		HideSolutionNode = FALSE
	EndGlobalSection
	GlobalSection(ExtensibilityGlobals) = postSolution
		SolutionGuid = {476FB530-D85C-49E9-A61C-E15F047D7610}
	EndGlobalSection
EndGlobal
